# THIS IS AN AUTOGENERATED FILE. DO NOT EDIT THIS FILE DIRECTLY.
# yarn lockfile v1


"@babel/runtime@^7.12.1", "@babel/runtime@^7.9.2":
  "integrity" "sha512-xwII0//EObnq89Ji5AKYQaRYiW/nZ3llSv29d49IuxPhKbtJoLP+9QUUZ4nVragQVtaVGeZrpB+ZtG/Pdy/POw=="
  "resolved" "https://registry.npmjs.org/@babel/runtime/-/runtime-7.21.0.tgz"
  "version" "7.21.0"
  dependencies:
    "regenerator-runtime" "^0.13.11"

"@next/env@13.3.1":
  "integrity" "sha512-EDtCoedIZC7JlUQ3uaQpSc4aVmyhbLHmQVALg7pFfQgOTjgSnn7mKtA0DiCMkYvvsx6aFb5octGMtWrOtGXW9A=="
  "resolved" "https://registry.npmjs.org/@next/env/-/env-13.3.1.tgz"
  "version" "13.3.1"

"@next/swc-darwin-arm64@13.3.1":
  "integrity" "sha512-UXPtriEc/pBP8luSLSCZBcbzPeVv+SSjs9cH/KygTbhmACye8/OOXRZO13Z2Wq1G0gLmEAIHQAOuF+vafPd2lw=="
  "resolved" "https://registry.npmjs.org/@next/swc-darwin-arm64/-/swc-darwin-arm64-13.3.1.tgz"
  "version" "13.3.1"

"@swc/helpers@0.5.0":
  "integrity" "sha512-SjY/p4MmECVVEWspzSRpQEM3sjR17sP8PbGxELWrT+YZMBfiUyt1MRUNjMV23zohwlG2HYtCQOsCwsTHguXkyg=="
  "resolved" "https://registry.npmjs.org/@swc/helpers/-/helpers-0.5.0.tgz"
  "version" "0.5.0"
  dependencies:
    "tslib" "^2.4.0"

"@types/hoist-non-react-statics@^3.3.1":
  "integrity" "sha512-iMIqiko6ooLrTh1joXodJK5X9xeEALT1kM5G3ZLhD3hszxBdIEd5C75U834D9mLcINgD4OyZf5uQXjkuYydWvA=="
  "resolved" "https://registry.npmjs.org/@types/hoist-non-react-statics/-/hoist-non-react-statics-3.3.1.tgz"
  "version" "3.3.1"
  dependencies:
    "@types/react" "*"
    "hoist-non-react-statics" "^3.3.0"

"@types/prop-types@*":
  "integrity" "sha512-JCB8C6SnDoQf0cNycqd/35A7MjcnK+ZTqE7judS6o7utxUCg6imJg3QK2qzHKszlTjcj2cn+NwMB2i96ubpj7w=="
  "resolved" "https://registry.npmjs.org/@types/prop-types/-/prop-types-15.7.5.tgz"
  "version" "15.7.5"

"@types/react@*", "@types/react@^16.8 || ^17.0 || ^18.0":
  "integrity" "sha512-ExsidLLSzYj4cvaQjGnQCk4HFfVT9+EZ9XZsQ8Hsrcn8QNgXtpZ3m9vSIC2MWtx7jHictK6wYhQgGh6ic58oOw=="
  "resolved" "https://registry.npmjs.org/@types/react/-/react-18.0.38.tgz"
  "version" "18.0.38"
  dependencies:
    "@types/prop-types" "*"
    "@types/scheduler" "*"
    "csstype" "^3.0.2"

"@types/scheduler@*":
  "integrity" "sha512-5cJ8CB4yAx7BH1oMvdU0Jh9lrEXyPkar6F9G/ERswkCuvP4KQZfZkSjcMbAICCpQTN4OuZn8tz0HiKv9TGZgrQ=="
  "resolved" "https://registry.npmjs.org/@types/scheduler/-/scheduler-0.16.3.tgz"
  "version" "0.16.3"

"@types/use-sync-external-store@^0.0.3":
  "integrity" "sha512-EwmlvuaxPNej9+T4v5AuBPJa2x2UOJVdjCtDHgcDqitUeOtjnJKJ+apYjVcAoBEMjKW1VVFGZLUb5+qqa09XFA=="
  "resolved" "https://registry.npmjs.org/@types/use-sync-external-store/-/use-sync-external-store-0.0.3.tgz"
  "version" "0.0.3"

"busboy@1.6.0":
  "integrity" "sha512-8SFQbg/0hQ9xy3UNTB0YEnsNBbWfhf7RtnzpL7TkBiTBRfrQ9Fxcnz7VJsleJpyp6rVLvXiuORqjlHi5q+PYuA=="
  "resolved" "https://registry.npmjs.org/busboy/-/busboy-1.6.0.tgz"
  "version" "1.6.0"
  dependencies:
    "streamsearch" "^1.1.0"

"caniuse-lite@^1.0.30001406":
  "integrity" "sha512-KCqHwRnaa1InZBtqXzP98LPg0ajCVujMKjqKDhZEthIpAsJl/YEIa3YvXjGXPVqzZVguccuu7ga9KOE1J9rKPQ=="
  "resolved" "https://registry.npmjs.org/caniuse-lite/-/caniuse-lite-1.0.30001481.tgz"
  "version" "1.0.30001481"

"client-only@0.0.1":
  "integrity" "sha512-IV3Ou0jSMzZrd3pZ48nLkT9DA7Ag1pnPzaiQhpW7c3RbcqqzvzzVu+L8gfqMp/8IM2MQtSiqaCxrrcfu8I8rMA=="
  "resolved" "https://registry.npmjs.org/client-only/-/client-only-0.0.1.tgz"
  "version" "0.0.1"

"csstype@^3.0.2":
  "integrity" "sha512-I7K1Uu0MBPzaFKg4nI5Q7Vs2t+3gWWW648spaF+Rg7pI9ds18Ugn+lvg4SHczUdKlHI5LWBXyqfS8+DufyBsgQ=="
  "resolved" "https://registry.npmjs.org/csstype/-/csstype-3.1.2.tgz"
  "version" "3.1.2"

"hoist-non-react-statics@^3.3.0", "hoist-non-react-statics@^3.3.2":
  "integrity" "sha512-/gGivxi8JPKWNm/W0jSmzcMPpfpPLc3dY/6GxhX2hQ9iGj3aDfklV4ET7NjKpSinLpJ5vafa9iiGIEZg10SfBw=="
  "resolved" "https://registry.npmjs.org/hoist-non-react-statics/-/hoist-non-react-statics-3.3.2.tgz"
  "version" "3.3.2"
  dependencies:
    "react-is" "^16.7.0"

"js-tokens@^3.0.0 || ^4.0.0":
  "integrity" "sha512-RdJUflcE3cUzKiMqQgsCu06FPu9UdIJO0beYbPhHN4k6apgJtifcoCtT9bcxOpYBtpD2kCM6Sbzg4CausW/PKQ=="
  "resolved" "https://registry.npmjs.org/js-tokens/-/js-tokens-4.0.0.tgz"
  "version" "4.0.0"

"loose-envify@^1.1.0":
  "integrity" "sha512-lyuxPGr/Wfhrlem2CL/UcnUc1zcqKAImBDzukY7Y5F/yQiNdko6+fRLevlw1HgMySw7f611UIY408EtxRSoK3Q=="
  "resolved" "https://registry.npmjs.org/loose-envify/-/loose-envify-1.4.0.tgz"
  "version" "1.4.0"
  dependencies:
    "js-tokens" "^3.0.0 || ^4.0.0"

"nanoid@^3.3.4":
  "integrity" "sha512-BGcqMMJuToF7i1rt+2PWSNVnWIkGCU78jBG3RxO/bZlnZPK2Cmi2QaffxGO/2RvWi9sL+FAiRiXMgsyxQ1DIDA=="
  "resolved" "https://registry.npmjs.org/nanoid/-/nanoid-3.3.6.tgz"
  "version" "3.3.6"

"next@13.3.1":
  "integrity" "sha512-eByWRxPzKHs2oQz1yE41LX35umhz86ZSZ+mYyXBqn2IBi2hyUqxBA88avywdr4uyH+hCJczegGsDGWbzQA5Rqw=="
  "resolved" "https://registry.npmjs.org/next/-/next-13.3.1.tgz"
  "version" "13.3.1"
  dependencies:
    "@next/env" "13.3.1"
    "@swc/helpers" "0.5.0"
    "busboy" "1.6.0"
    "caniuse-lite" "^1.0.30001406"
    "postcss" "8.4.14"
    "styled-jsx" "5.1.1"
  optionalDependencies:
    "@next/swc-darwin-arm64" "13.3.1"
    "@next/swc-darwin-x64" "13.3.1"
    "@next/swc-linux-arm64-gnu" "13.3.1"
    "@next/swc-linux-arm64-musl" "13.3.1"
    "@next/swc-linux-x64-gnu" "13.3.1"
    "@next/swc-linux-x64-musl" "13.3.1"
    "@next/swc-win32-arm64-msvc" "13.3.1"
    "@next/swc-win32-ia32-msvc" "13.3.1"
    "@next/swc-win32-x64-msvc" "13.3.1"

"picocolors@^1.0.0":
  "integrity" "sha512-1fygroTLlHu66zi26VoTDv8yRgm0Fccecssto+MhsZ0D/DGW2sm8E8AjW7NU5VVTRt5GxbeZ5qBuJr+HyLYkjQ=="
  "resolved" "https://registry.npmjs.org/picocolors/-/picocolors-1.0.0.tgz"
  "version" "1.0.0"

"postcss@8.4.14":
  "integrity" "sha512-E398TUmfAYFPBSdzgeieK2Y1+1cpdxJx8yXbK/m57nRhKSmk1GB2tO4lbLBtlkfPQTDKfe4Xqv1ASWPpayPEig=="
  "resolved" "https://registry.npmjs.org/postcss/-/postcss-8.4.14.tgz"
  "version" "8.4.14"
  dependencies:
    "nanoid" "^3.3.4"
    "picocolors" "^1.0.0"
    "source-map-js" "^1.0.2"

"react-dom@^16.8 || ^17.0 || ^18.0", "react-dom@^18.2.0", "react-dom@18.2.0":
  "integrity" "sha512-6IMTriUmvsjHUjNtEDudZfuDQUoWXVxKHhlEGSk81n4YFS+r/Kl99wXiwlVXtPBtJenozv2P+hxDsw9eA7Xo6g=="
  "resolved" "https://registry.npmjs.org/react-dom/-/react-dom-18.2.0.tgz"
  "version" "18.2.0"
  dependencies:
    "loose-envify" "^1.1.0"
    "scheduler" "^0.23.0"

"react-is@^16.7.0":
  "integrity" "sha512-24e6ynE2H+OKt4kqsOvNd8kBpV65zoxbA4BVsEOB3ARVWQki/DHzaUoC5KuON/BiccDaCCTZBuOcfZs70kR8bQ=="
  "resolved" "https://registry.npmjs.org/react-is/-/react-is-16.13.1.tgz"
  "version" "16.13.1"

"react-is@^18.0.0":
  "integrity" "sha512-xWGDIW6x921xtzPkhiULtthJHoJvBbF3q26fzloPCK0hsvxtPVelvftw3zjbHWSkR2km9Z+4uxbDDK/6Zw9B8w=="
  "resolved" "https://registry.npmjs.org/react-is/-/react-is-18.2.0.tgz"
  "version" "18.2.0"

"react-redux@^8.0.5":
  "integrity" "sha512-Q2f6fCKxPFpkXt1qNRZdEDLlScsDWyrgSj0mliK59qU6W5gvBiKkdMEG2lJzhd1rCctf0hb6EtePPLZ2e0m1uw=="
  "resolved" "https://registry.npmjs.org/react-redux/-/react-redux-8.0.5.tgz"
  "version" "8.0.5"
  dependencies:
    "@babel/runtime" "^7.12.1"
    "@types/hoist-non-react-statics" "^3.3.1"
    "@types/use-sync-external-store" "^0.0.3"
    "hoist-non-react-statics" "^3.3.2"
    "react-is" "^18.0.0"
    "use-sync-external-store" "^1.0.0"

"react@^16.8 || ^17.0 || ^18.0", "react@^16.8.0 || ^17.0.0 || ^18.0.0", "react@^18.2.0", "react@>= 16.8.0 || 17.x.x || ^18.0.0-0", "react@18.2.0":
  "integrity" "sha512-/3IjMdb2L9QbBdWiW5e3P2/npwMBaU9mHCSCUzNln0ZCYbcfTsGbTJrU/kGemdH2IWmB2ioZ+zkxtmq6g09fGQ=="
  "resolved" "https://registry.npmjs.org/react/-/react-18.2.0.tgz"
  "version" "18.2.0"
  dependencies:
    "loose-envify" "^1.1.0"

"redux-devtools-extension@^2.13.9":
  "integrity" "sha512-cNJ8Q/EtjhQaZ71c8I9+BPySIBVEKssbPpskBfsXqb8HJ002A3KRVHfeRzwRo6mGPqsm7XuHTqNSNeS1Khig0A=="
  "resolved" "https://registry.npmjs.org/redux-devtools-extension/-/redux-devtools-extension-2.13.9.tgz"
  "version" "2.13.9"

"redux@^3.1.0 || ^4.0.0", "redux@^4", "redux@^4.2.1":
  "integrity" "sha512-LAUYz4lc+Do8/g7aeRa8JkyDErK6ekstQaqWQrNRW//MY1TvCEpMtpTWvlQ+FPbWCx+Xixu/6SHt5N0HR+SB4w=="
  "resolved" "https://registry.npmjs.org/redux/-/redux-4.2.1.tgz"
  "version" "4.2.1"
  dependencies:
    "@babel/runtime" "^7.9.2"

"regenerator-runtime@^0.13.11":
  "integrity" "sha512-kY1AZVr2Ra+t+piVaJ4gxaFaReZVH40AKNo7UCX6W+dEwBo/2oZJzqfuN1qLq1oL45o56cPaTXELwrTh8Fpggg=="
  "resolved" "https://registry.npmjs.org/regenerator-runtime/-/regenerator-runtime-0.13.11.tgz"
  "version" "0.13.11"

"scheduler@^0.23.0":
  "integrity" "sha512-CtuThmgHNg7zIZWAXi3AsyIzA3n4xx7aNyjwC2VJldO2LMVDhFK+63xGqq6CsJH4rTAt6/M+N4GhZiDYPx9eUw=="
  "resolved" "https://registry.npmjs.org/scheduler/-/scheduler-0.23.0.tgz"
  "version" "0.23.0"
  dependencies:
    "loose-envify" "^1.1.0"

"source-map-js@^1.0.2":
  "integrity" "sha512-R0XvVJ9WusLiqTCEiGCmICCMplcCkIwwR11mOSD9CR5u+IXYdiseeEuXCVAjS54zqwkLcPNnmU4OeJ6tUrWhDw=="
  "resolved" "https://registry.npmjs.org/source-map-js/-/source-map-js-1.0.2.tgz"
  "version" "1.0.2"

"streamsearch@^1.1.0":
  "integrity" "sha512-Mcc5wHehp9aXz1ax6bZUyY5afg9u2rv5cqQI3mRrYkGC8rW2hM02jWuwjtL++LS5qinSyhj2QfLyNsuc+VsExg=="
  "resolved" "https://registry.npmjs.org/streamsearch/-/streamsearch-1.1.0.tgz"
  "version" "1.1.0"

"styled-jsx@5.1.1":
  "integrity" "sha512-pW7uC1l4mBZ8ugbiZrcIsiIvVx1UmTfw7UkC3Um2tmfUq9Bhk8IiyEIPl6F8agHgjzku6j0xQEZbfA5uSgSaCw=="
  "resolved" "https://registry.npmjs.org/styled-jsx/-/styled-jsx-5.1.1.tgz"
  "version" "5.1.1"
  dependencies:
    "client-only" "0.0.1"

"tslib@^2.4.0":
  "integrity" "sha512-336iVw3rtn2BUK7ORdIAHTyxHGRIHVReokCR3XjbckJMK7ms8FysBfhLR8IXnAgy7T0PTPNBWKiH514FOW/WSg=="
  "resolved" "https://registry.npmjs.org/tslib/-/tslib-2.5.0.tgz"
  "version" "2.5.0"

"use-sync-external-store@^1.0.0":
  "integrity" "sha512-eEgnFxGQ1Ife9bzYs6VLi8/4X6CObHMw9Qr9tPY43iKwsPw8xE8+EFsf/2cFZ5S3esXgpWgtSCtLNS41F+sKPA=="
  "resolved" "https://registry.npmjs.org/use-sync-external-store/-/use-sync-external-store-1.2.0.tgz"
  "version" "1.2.0"
